
Microsoft Visual Studio Solution File, Format Version 12.00
# Visual Studio 14
VisualStudioVersion = 14.0.23107.0
MinimumVisualStudioVersion = 10.0.40219.1
Project("{FAE04EC0-301F-11D3-BF4B-00C04F79EFBC}") = "CommonStatistic", "CommonStatistic\CommonStatistic.csproj", "{9B2E72AF-0DC8-42AD-8B80-65102A3E9264}"
EndProject
Project("{FAE04EC0-301F-11D3-BF4B-00C04F79EFBC}") = "UnitTest", "CommonStatistic.Test\UnitTest.csproj", "{C32E8BD3-D9CA-45E0-AEF3-4319FD20BFD7}"
EndProject
Project("{FAE04EC0-301F-11D3-BF4B-00C04F79EFBC}") = "Demo", "Demo\Demo.csproj", "{64495D13-A425-469A-B28D-58260F4189B4}"
EndProject
Global
	GlobalSection(SolutionConfigurationPlatforms) = preSolution
		Debug|Any CPU = Debug|Any CPU
		Release|Any CPU = Release|Any CPU
	EndGlobalSection
	GlobalSection(ProjectConfigurationPlatforms) = postSolution
		{9B2E72AF-0DC8-42AD-8B80-65102A3E9264}.Debug|Any CPU.ActiveCfg = Debug|Any CPU
		{9B2E72AF-0DC8-42AD-8B80-65102A3E9264}.Debug|Any CPU.Build.0 = Debug|Any CPU
		{9B2E72AF-0DC8-42AD-8B80-65102A3E9264}.Release|Any CPU.ActiveCfg = Release|Any CPU
		{9B2E72AF-0DC8-42AD-8B80-65102A3E9264}.Release|Any CPU.Build.0 = Release|Any CPU
		{C32E8BD3-D9CA-45E0-AEF3-4319FD20BFD7}.Debug|Any CPU.ActiveCfg = Debug|Any CPU
		{C32E8BD3-D9CA-45E0-AEF3-4319FD20BFD7}.Debug|Any CPU.Build.0 = Debug|Any CPU
		{C32E8BD3-D9CA-45E0-AEF3-4319FD20BFD7}.Release|Any CPU.ActiveCfg = Release|Any CPU
		{C32E8BD3-D9CA-45E0-AEF3-4319FD20BFD7}.Release|Any CPU.Build.0 = Release|Any CPU
		{64495D13-A425-469A-B28D-58260F4189B4}.Debug|Any CPU.ActiveCfg = Debug|Any CPU
		{64495D13-A425-469A-B28D-58260F4189B4}.Debug|Any CPU.Build.0 = Debug|Any CPU
		{64495D13-A425-469A-B28D-58260F4189B4}.Release|Any CPU.ActiveCfg = Release|Any CPU
		{64495D13-A425-469A-B28D-58260F4189B4}.Release|Any CPU.Build.0 = Release|Any CPU
	EndGlobalSection
	GlobalSection(SolutionProperties) = preSolution
		HideSolutionNode = FALSE
	EndGlobalSection
EndGlobal
